
Microsoft Visual Studio Solution File, Format Version 12.00
# Visual Studio Version 17
VisualStudioVersion = 17.7.34031.279
MinimumVisualStudioVersion = 10.0.40219.1
Project("{888888A0-9F3D-457C-B088-3A5042F75D52}") = "COURSE", "COURSE.pyproj", "{16ABDD26-3E4E-44CF-9CA8-D929FA035842}"
EndProject
Global
	GlobalSection(SolutionConfigurationPlatforms) = preSolution
		Debug|Any CPU = Debug|Any CPU
		Release|Any CPU = Release|Any CPU
	EndGlobalSection
	GlobalSection(ProjectConfigurationPlatforms) = postSolution
		{16ABDD26-3E4E-44CF-9CA8-D929FA035842}.Debug|Any CPU.ActiveCfg = Debug|Any CPU
		{16ABDD26-3E4E-44CF-9CA8-D929FA035842}.Release|Any CPU.ActiveCfg = Release|Any CPU
	EndGlobalSection
	GlobalSection(SolutionProperties) = preSolution
		HideSolutionNode = FALSE
	EndGlobalSection
	GlobalSection(ExtensibilityGlobals) = postSolution
		SolutionGuid = {8B4DA646-2920-4D7F-AB48-406B51F851A3}
	EndGlobalSection
EndGlobal
